
Microsoft Visual Studio Solution File, Format Version 12.00
# Visual Studio 14
VisualStudioVersion = 14.0.25420.1
MinimumVisualStudioVersion = 10.0.40219.1
Project("{FAE04EC0-301F-11D3-BF4B-00C04F79EFBC}") = "BizTalk.PipelineComponents.CBRIdocOperationPromotionDecode", "BizTalk.PipelineComponents.CBRIdocOperationPromotionDecode\BizTalk.PipelineComponents.CBRIdocOperationPromotionDecode.csproj", "{7B0E5208-2F55-4143-A683-F61275CC1F14}"
EndProject
Project("{FAE04EC0-301F-11D3-BF4B-00C04F79EFBC}") = "BizTalk.PipelineComponents.CBROperationPromotionDecode", "BizTalk.PipelineComponents.CBROperationPromotionDecode\BizTalk.PipelineComponents.CBROperationPromotionDecode.csproj", "{6E9265A6-3B2B-4423-B444-AECB52EB12EB}"
EndProject
Project("{FAE04EC0-301F-11D3-BF4B-00C04F79EFBC}") = "BizTalk.PipelineComponents.MultiPartMsg.ZipAttach", "BizTalk.PipelineComponents.MultiPartMsg.ZipAttach\BizTalk.PipelineComponents.MultiPartMsg.ZipAttach.csproj", "{113E1ECA-DE91-4E6C-9C9C-FECB942E29FA}"
EndProject
Project("{FAE04EC0-301F-11D3-BF4B-00C04F79EFBC}") = "BizTalk.PipelineComponents.CarrySOAPHeaders", "BizTalk.PipelineComponents.CarrySOAPHeaders\BizTalk.PipelineComponents.CarrySOAPHeaders.csproj", "{6A936147-E8F6-4472-AEC6-0B8E9545484D}"
EndProject
Project("{FAE04EC0-301F-11D3-BF4B-00C04F79EFBC}") = "RemoveXmlNamespace.PipelineComponents", "RemoveXmlNamespace.PipelineComponents\RemoveXmlNamespace.PipelineComponents.csproj", "{221E70E2-D54A-4349-B968-84C4F4867EA6}"
EndProject
Project("{FAE04EC0-301F-11D3-BF4B-00C04F79EFBC}") = "BizTalk.PipelineComponents.UnZipBatch", "BizTalk.PipelineComponents.UnZipFile\BizTalk.PipelineComponents.UnZipBatch.csproj", "{DB257CF2-C67E-4D80-B1D4-2462F96DDA2A}"
EndProject
Project("{FAE04EC0-301F-11D3-BF4B-00C04F79EFBC}") = "BizTalk.PipelineComponents.ZipFile", "BizTalk.PipelineComponents.ZipFile\BizTalk.PipelineComponents.ZipFile.csproj", "{4527BED9-9041-4334-BDAB-588B963F52D3}"
EndProject
Project("{FAE04EC0-301F-11D3-BF4B-00C04F79EFBC}") = "VirtualGreen.Samples.MultiDisassembler.PipelineComponents", "VirtualGreen.Samples.MultiDisassembler.PipelineComponents\VirtualGreen.Samples.MultiDisassembler.PipelineComponents.csproj", "{7DB93D4C-DF46-4FDA-989B-37E5D41DFD48}"
EndProject
Project("{FAE04EC0-301F-11D3-BF4B-00C04F79EFBC}") = "BizTalk.PipelineComponents.LocalFolderArchive", "BizTalk.PipelineComponents.LocalFolderArchive\BizTalk.PipelineComponents.LocalFolderArchive.csproj", "{BD2180B1-BE45-4BE8-9B4E-2B4BA7DA4725}"
EndProject
Project("{FAE04EC0-301F-11D3-BF4B-00C04F79EFBC}") = "BizTalk.PipelineComponents.SQLPollDebatchByFilter", "BizTalk.PipelineComponents.SQLPollDebatchByFilter\BizTalk.PipelineComponents.SQLPollDebatchByFilter.csproj", "{F55BFA89-2932-4A00-A2E6-803E59029F19}"
EndProject
Project("{FAE04EC0-301F-11D3-BF4B-00C04F79EFBC}") = "BizTalk.PipelineComponents.JSONEncoder", "BizTalk.PipelineComponents.JSONEncoder\BizTalk.PipelineComponents.JSONEncoder.csproj", "{E97796BA-589A-4BC2-A164-62FB2BE2616A}"
EndProject
Global
	GlobalSection(SolutionConfigurationPlatforms) = preSolution
		Debug|Any CPU = Debug|Any CPU
		Release|Any CPU = Release|Any CPU
	EndGlobalSection
	GlobalSection(ProjectConfigurationPlatforms) = postSolution
		{7B0E5208-2F55-4143-A683-F61275CC1F14}.Debug|Any CPU.ActiveCfg = Debug|Any CPU
		{7B0E5208-2F55-4143-A683-F61275CC1F14}.Debug|Any CPU.Build.0 = Debug|Any CPU
		{7B0E5208-2F55-4143-A683-F61275CC1F14}.Release|Any CPU.ActiveCfg = Release|Any CPU
		{7B0E5208-2F55-4143-A683-F61275CC1F14}.Release|Any CPU.Build.0 = Release|Any CPU
		{6E9265A6-3B2B-4423-B444-AECB52EB12EB}.Debug|Any CPU.ActiveCfg = Debug|Any CPU
		{6E9265A6-3B2B-4423-B444-AECB52EB12EB}.Debug|Any CPU.Build.0 = Debug|Any CPU
		{6E9265A6-3B2B-4423-B444-AECB52EB12EB}.Release|Any CPU.ActiveCfg = Release|Any CPU
		{6E9265A6-3B2B-4423-B444-AECB52EB12EB}.Release|Any CPU.Build.0 = Release|Any CPU
		{113E1ECA-DE91-4E6C-9C9C-FECB942E29FA}.Debug|Any CPU.ActiveCfg = Debug|Any CPU
		{113E1ECA-DE91-4E6C-9C9C-FECB942E29FA}.Debug|Any CPU.Build.0 = Debug|Any CPU
		{113E1ECA-DE91-4E6C-9C9C-FECB942E29FA}.Release|Any CPU.ActiveCfg = Release|Any CPU
		{113E1ECA-DE91-4E6C-9C9C-FECB942E29FA}.Release|Any CPU.Build.0 = Release|Any CPU
		{6A936147-E8F6-4472-AEC6-0B8E9545484D}.Debug|Any CPU.ActiveCfg = Debug|Any CPU
		{6A936147-E8F6-4472-AEC6-0B8E9545484D}.Debug|Any CPU.Build.0 = Debug|Any CPU
		{6A936147-E8F6-4472-AEC6-0B8E9545484D}.Release|Any CPU.ActiveCfg = Release|Any CPU
		{6A936147-E8F6-4472-AEC6-0B8E9545484D}.Release|Any CPU.Build.0 = Release|Any CPU
		{221E70E2-D54A-4349-B968-84C4F4867EA6}.Debug|Any CPU.ActiveCfg = Debug|Any CPU
		{221E70E2-D54A-4349-B968-84C4F4867EA6}.Debug|Any CPU.Build.0 = Debug|Any CPU
		{221E70E2-D54A-4349-B968-84C4F4867EA6}.Release|Any CPU.ActiveCfg = Release|Any CPU
		{221E70E2-D54A-4349-B968-84C4F4867EA6}.Release|Any CPU.Build.0 = Release|Any CPU
		{DB257CF2-C67E-4D80-B1D4-2462F96DDA2A}.Debug|Any CPU.ActiveCfg = Debug|Any CPU
		{DB257CF2-C67E-4D80-B1D4-2462F96DDA2A}.Debug|Any CPU.Build.0 = Debug|Any CPU
		{DB257CF2-C67E-4D80-B1D4-2462F96DDA2A}.Release|Any CPU.ActiveCfg = Release|Any CPU
		{DB257CF2-C67E-4D80-B1D4-2462F96DDA2A}.Release|Any CPU.Build.0 = Release|Any CPU
		{4527BED9-9041-4334-BDAB-588B963F52D3}.Debug|Any CPU.ActiveCfg = Debug|Any CPU
		{4527BED9-9041-4334-BDAB-588B963F52D3}.Debug|Any CPU.Build.0 = Debug|Any CPU
		{4527BED9-9041-4334-BDAB-588B963F52D3}.Release|Any CPU.ActiveCfg = Release|Any CPU
		{4527BED9-9041-4334-BDAB-588B963F52D3}.Release|Any CPU.Build.0 = Release|Any CPU
		{7DB93D4C-DF46-4FDA-989B-37E5D41DFD48}.Debug|Any CPU.ActiveCfg = Debug|Any CPU
		{7DB93D4C-DF46-4FDA-989B-37E5D41DFD48}.Debug|Any CPU.Build.0 = Debug|Any CPU
		{7DB93D4C-DF46-4FDA-989B-37E5D41DFD48}.Release|Any CPU.ActiveCfg = Release|Any CPU
		{7DB93D4C-DF46-4FDA-989B-37E5D41DFD48}.Release|Any CPU.Build.0 = Release|Any CPU
		{BD2180B1-BE45-4BE8-9B4E-2B4BA7DA4725}.Debug|Any CPU.ActiveCfg = Debug|Any CPU
		{BD2180B1-BE45-4BE8-9B4E-2B4BA7DA4725}.Debug|Any CPU.Build.0 = Debug|Any CPU
		{BD2180B1-BE45-4BE8-9B4E-2B4BA7DA4725}.Release|Any CPU.ActiveCfg = Release|Any CPU
		{BD2180B1-BE45-4BE8-9B4E-2B4BA7DA4725}.Release|Any CPU.Build.0 = Release|Any CPU
		{F55BFA89-2932-4A00-A2E6-803E59029F19}.Debug|Any CPU.ActiveCfg = Debug|Any CPU
		{F55BFA89-2932-4A00-A2E6-803E59029F19}.Debug|Any CPU.Build.0 = Debug|Any CPU
		{F55BFA89-2932-4A00-A2E6-803E59029F19}.Release|Any CPU.ActiveCfg = Release|Any CPU
		{F55BFA89-2932-4A00-A2E6-803E59029F19}.Release|Any CPU.Build.0 = Release|Any CPU
		{E97796BA-589A-4BC2-A164-62FB2BE2616A}.Debug|Any CPU.ActiveCfg = Debug|Any CPU
		{E97796BA-589A-4BC2-A164-62FB2BE2616A}.Debug|Any CPU.Build.0 = Debug|Any CPU
		{E97796BA-589A-4BC2-A164-62FB2BE2616A}.Release|Any CPU.ActiveCfg = Release|Any CPU
		{E97796BA-589A-4BC2-A164-62FB2BE2616A}.Release|Any CPU.Build.0 = Release|Any CPU
	EndGlobalSection
	GlobalSection(SolutionProperties) = preSolution
		HideSolutionNode = FALSE
	EndGlobalSection
EndGlobal
