
Microsoft Visual Studio Solution File, Format Version 12.00
# Visual Studio Version 16
VisualStudioVersion = 16.0.30717.126
MinimumVisualStudioVersion = 10.0.40219.1
Project("{FAE04EC0-301F-11D3-BF4B-00C04F79EFBC}") = "BizTalk.PipelineComponent.BlobArchive", "BizTalk.PipelineComponents.BlobArchive\BizTalk.PipelineComponent.BlobArchive.csproj", "{4621EF46-BF71-454B-95EE-407CDF163E99}"
EndProject
Global
	GlobalSection(SolutionConfigurationPlatforms) = preSolution
		Debug|Any CPU = Debug|Any CPU
		Release|Any CPU = Release|Any CPU
	EndGlobalSection
	GlobalSection(ProjectConfigurationPlatforms) = postSolution
		{4621EF46-BF71-454B-95EE-407CDF163E99}.Debug|Any CPU.ActiveCfg = Debug|Any CPU
		{4621EF46-BF71-454B-95EE-407CDF163E99}.Debug|Any CPU.Build.0 = Debug|Any CPU
		{4621EF46-BF71-454B-95EE-407CDF163E99}.Release|Any CPU.ActiveCfg = Release|Any CPU
		{4621EF46-BF71-454B-95EE-407CDF163E99}.Release|Any CPU.Build.0 = Release|Any CPU
	EndGlobalSection
	GlobalSection(SolutionProperties) = preSolution
		HideSolutionNode = FALSE
	EndGlobalSection
	GlobalSection(ExtensibilityGlobals) = postSolution
		SolutionGuid = {2B85A2B1-93B2-4112-A3CD-16D6E6CDDA1F}
	EndGlobalSection
EndGlobal
