
Microsoft Visual Studio Solution File, Format Version 12.00
# Visual Studio Version 16
VisualStudioVersion = 16.0.30711.63
MinimumVisualStudioVersion = 10.0.40219.1
Project("{FAE04EC0-301F-11D3-BF4B-00C04F79EFBC}") = "BizTalk.PipelineComponents.CBRIdocOperationPromotionDecode", "BizTalk.PipelineComponents.CBRIdocOperationPromotionDecode\BizTalk.PipelineComponents.CBRIdocOperationPromotionDecode.csproj", "{7B0E5208-2F55-4143-A683-F61275CC1F14}"
EndProject
Project("{FAE04EC0-301F-11D3-BF4B-00C04F79EFBC}") = "BizTalk.PipelineComponents.CBROperationPromotionDecode", "BizTalk.PipelineComponents.CBROperationPromotionDecode\BizTalk.PipelineComponents.CBROperationPromotionDecode.csproj", "{6E9265A6-3B2B-4423-B444-AECB52EB12EB}"
EndProject
Project("{FAE04EC0-301F-11D3-BF4B-00C04F79EFBC}") = "BizTalk.PipelineComponents.MultiPartMsg.ZipAttach", "BizTalk.PipelineComponents.MultiPartMsg.ZipAttach\BizTalk.PipelineComponents.MultiPartMsg.ZipAttach.csproj", "{113E1ECA-DE91-4E6C-9C9C-FECB942E29FA}"
EndProject
Project("{FAE04EC0-301F-11D3-BF4B-00C04F79EFBC}") = "BizTalk.PipelineComponents.CarrySOAPHeaders", "BizTalk.PipelineComponents.CarrySOAPHeaders\BizTalk.PipelineComponents.CarrySOAPHeaders.csproj", "{6A936147-E8F6-4472-AEC6-0B8E9545484D}"
EndProject
Project("{FAE04EC0-301F-11D3-BF4B-00C04F79EFBC}") = "RemoveXmlNamespace.PipelineComponents", "RemoveXmlNamespace.PipelineComponents\RemoveXmlNamespace.PipelineComponents.csproj", "{221E70E2-D54A-4349-B968-84C4F4867EA6}"
EndProject
Project("{FAE04EC0-301F-11D3-BF4B-00C04F79EFBC}") = "BizTalk.PipelineComponents.UnZipBatch", "BizTalk.PipelineComponents.UnZipFile\BizTalk.PipelineComponents.UnZipBatch.csproj", "{DB257CF2-C67E-4D80-B1D4-2462F96DDA2A}"
EndProject
Project("{FAE04EC0-301F-11D3-BF4B-00C04F79EFBC}") = "BizTalk.PipelineComponents.ZipFile", "BizTalk.PipelineComponents.ZipFile\BizTalk.PipelineComponents.ZipFile.csproj", "{4527BED9-9041-4334-BDAB-588B963F52D3}"
EndProject
Project("{FAE04EC0-301F-11D3-BF4B-00C04F79EFBC}") = "VirtualGreen.Samples.MultiDisassembler.PipelineComponents", "VirtualGreen.Samples.MultiDisassembler.PipelineComponents\VirtualGreen.Samples.MultiDisassembler.PipelineComponents.csproj", "{7DB93D4C-DF46-4FDA-989B-37E5D41DFD48}"
EndProject
Project("{FAE04EC0-301F-11D3-BF4B-00C04F79EFBC}") = "BizTalk.PipelineComponents.LocalFolderArchive", "BizTalk.PipelineComponents.LocalFolderArchive\BizTalk.PipelineComponents.LocalFolderArchive.csproj", "{BD2180B1-BE45-4BE8-9B4E-2B4BA7DA4725}"
EndProject
Project("{FAE04EC0-301F-11D3-BF4B-00C04F79EFBC}") = "BizTalk.PipelineComponents.SQLPollDebatchByFilter", "BizTalk.PipelineComponents.SQLPollDebatchByFilter\BizTalk.PipelineComponents.SQLPollDebatchByFilter.csproj", "{F55BFA89-2932-4A00-A2E6-803E59029F19}"
EndProject
Project("{FAE04EC0-301F-11D3-BF4B-00C04F79EFBC}") = "BizTalk.PipelineComponents.JSONEncoder", "BizTalk.PipelineComponents.JSONEncoder\BizTalk.PipelineComponents.JSONEncoder.csproj", "{E97796BA-589A-4BC2-A164-62FB2BE2616A}"
EndProject
Project("{FAE04EC0-301F-11D3-BF4B-00C04F79EFBC}") = "BizTalk.PipelineComponents.NamespaceMgmt", "BizTalk.PipelineComponents.NamespaceMgmt\BizTalk.PipelineComponents.NamespaceMgmt.csproj", "{85CD4255-7997-4AC5-B5EE-D335ED825396}"
EndProject
Project("{FAE04EC0-301F-11D3-BF4B-00C04F79EFBC}") = "BizTalk.PipelineComponents.NamespaceStripper", "BizTalk.PipelineComponents.NamespaceStripper\BizTalk.PipelineComponents.NamespaceStripper.csproj", "{37AF637C-2901-4F6B-AA36-3505A1F63C23}"
EndProject
Project("{FAE04EC0-301F-11D3-BF4B-00C04F79EFBC}") = "BizTalk.PipelineComponents.XmlCompleteValidator", "BizTalk.PipelineComponents.XmlCompleteValidator\BizTalk.PipelineComponents.XmlCompleteValidator.csproj", "{F255F328-B1F7-4954-9427-EAB0D468DB50}"
EndProject
Project("{FAE04EC0-301F-11D3-BF4B-00C04F79EFBC}") = "BizTalk.PipelineComponents.ODBCTypesProcessor", "BizTalk.PipelineComponents.ODBCTypesProcessor\BizTalk.PipelineComponents.ODBCTypesProcessor.csproj", "{D9E5307A-A0FC-4A55-AD41-0C94F5A705AA}"
EndProject
Project("{2150E333-8FDC-42A3-9474-1A3956D46DE8}") = "BizTalk.PipelineComponents.Archiving", "BizTalk.PipelineComponents.Archiving", "{895ABC92-DEED-4440-9C3E-92DD4613DDC3}"
EndProject
Project("{2150E333-8FDC-42A3-9474-1A3956D46DE8}") = "1. Database Scripts", "1. Database Scripts", "{E50C68F3-17F2-4A93-99EC-452DF25A4E01}"
	ProjectSection(SolutionItems) = preProject
		BizTalk.PipelineComponents.Archiving\Database Scripts\CreateDatabase.sql = BizTalk.PipelineComponents.Archiving\Database Scripts\CreateDatabase.sql
	EndProjectSection
EndProject
Project("{2150E333-8FDC-42A3-9474-1A3956D46DE8}") = "2. Reference Assemblies", "2. Reference Assemblies", "{70607FAE-E08D-4537-AB36-732A6CC3148F}"
	ProjectSection(SolutionItems) = preProject
		BizTalk.PipelineComponents.Archiving\Shared Assemblies\Ionic.Zip.dll = BizTalk.PipelineComponents.Archiving\Shared Assemblies\Ionic.Zip.dll
	EndProjectSection
EndProject
Project("{FAE04EC0-301F-11D3-BF4B-00C04F79EFBC}") = "BizTalk.Archiving.Common.Configuration", "BizTalk.PipelineComponents.Archiving\BizTalk.Archiving.Common.Configuration\BizTalk.Archiving.Common.Configuration.csproj", "{1771B0EA-2E69-4EF3-A56B-D2BBCBF8EE1C}"
EndProject
Project("{FAE04EC0-301F-11D3-BF4B-00C04F79EFBC}") = "BizTalk.Archiving.PipelineComponents", "BizTalk.PipelineComponents.Archiving\BizTalk.Archiving.PipelineComponents\BizTalk.Archiving.PipelineComponents.csproj", "{4EDC6B8E-29E2-4ED5-B612-34524135A95A}"
EndProject
Project("{FAE04EC0-301F-11D3-BF4B-00C04F79EFBC}") = "BizTalk.PipelineComponents.PDF2Xml", "BizTalk.PipelineComponents.PDF2Xml\BizTalk.PipelineComponents.PDF2Xml\BizTalk.PipelineComponents.PDF2Xml.csproj", "{98B1B428-1109-4351-B51C-4A4A898B3B7A}"
EndProject
Project("{2150E333-8FDC-42A3-9474-1A3956D46DE8}") = "BizTalk.PipelineComponents.PDFDecoder", "BizTalk.PipelineComponents.PDFDecoder", "{CB5A0F97-901A-4BEC-9A45-56C4A21226C6}"
EndProject
Project("{FAE04EC0-301F-11D3-BF4B-00C04F79EFBC}") = "internal.dvs.components.pdf", "BizTalk.PipelineComponents.PDFDecoder\internal.dvs.components.pdf\internal.dvs.components.pdf.btproj", "{DDB96FA0-ECEB-492E-9107-D9C7F0216748}"
EndProject
Project("{FAE04EC0-301F-11D3-BF4B-00C04F79EFBC}") = "BizTalk.PipelineComponents.PDFDecoder", "BizTalk.PipelineComponents.PDFDecoder\BizTalk.PipelineComponents.PDFDecoder\BizTalk.PipelineComponents.PDFDecoder.csproj", "{DAA507D5-A04B-46FE-B046-B3E853DD65DF}"
EndProject
Project("{2150E333-8FDC-42A3-9474-1A3956D46DE8}") = "ReceiveLocationNamePromotion", "ReceiveLocationNamePromotion", "{CE2DD544-75B2-40D0-9886-934388DE2E2B}"
EndProject
Project("{FAE04EC0-301F-11D3-BF4B-00C04F79EFBC}") = "BizTalk.Pipeline.Components.RcvLocationPromotion", "RL\RcvLocationPromotion\RcvLocationPromotion\BizTalk.Pipeline.Components.RcvLocationPromotion.btproj", "{7F32E87F-1A29-4DDB-970F-D2E8CD990126}"
EndProject
Project("{FAE04EC0-301F-11D3-BF4B-00C04F79EFBC}") = "BizTalk.PipelineComponents.RcvLocNamePromotion", "RL\ReceiveLocationNamePromotion\ReceiveLocationNamePromotion\BizTalk.PipelineComponents.RcvLocNamePromotion.csproj", "{06DEE1A4-66B9-463C-B6B4-C2BBD2A08931}"
EndProject
Project("{2150E333-8FDC-42A3-9474-1A3956D46DE8}") = "Archiving Components", "Archiving Components", "{DB777AA5-93FB-43A1-828A-E2819A6C45EB}"
EndProject
Project("{FAE04EC0-301F-11D3-BF4B-00C04F79EFBC}") = "BizTalk.PipelineComponents.MessageArchive", "BizTalk.PipelineComponents.MessageArchive\BizTalk.PipelineComponents.MessageArchive.csproj", "{932832A9-D36E-4C86-B34E-E8C748BD7054}"
EndProject
Project("{FAE04EC0-301F-11D3-BF4B-00C04F79EFBC}") = "Blogical.Shared.PipelineComponents", "Blogical.Shared.PipelineComponents\Blogical.Shared.PipelineComponents\Blogical.Shared.PipelineComponents.csproj", "{AA96DEE0-C734-4D53-B055-A71EA43EC5B2}"
EndProject
Project("{FAE04EC0-301F-11D3-BF4B-00C04F79EFBC}") = "BizTalk.PipelineComponent.BlobArchive", "BizTalk.PipelineComponents.BlobArchive\BizTalk.PipelineComponents.BlobArchive\BizTalk.PipelineComponent.BlobArchive.csproj", "{4621EF46-BF71-454B-95EE-407CDF163E99}"
EndProject
Project("{FAE04EC0-301F-11D3-BF4B-00C04F79EFBC}") = "BizTalk.PipelineComponent.CSVFlatFileStructureValidation", "BizTalk.PipelineComponent.FlatFileStructureValidation\BizTalk.PipelineComponent.CSVFlatFileStructureValidation.csproj", "{32391948-DC58-4823-A891-65772AB6B824}"
EndProject
Project("{FAE04EC0-301F-11D3-BF4B-00C04F79EFBC}") = "BizTalk.PipelineComponents.SendFileToDateBasedStructure", "BizTalk.PipelineComponents.SendFileToDateBasedStructure\BizTalk.PipelineComponents.SendFileToDateBasedStructure.csproj", "{3C1A6023-1053-41E4-96C4-424C81E9F6A8}"
EndProject
Project("{FAE04EC0-301F-11D3-BF4B-00C04F79EFBC}") = "BizTalk.PipelineComponents.RemoveXmlEmptyNodes", "BizTalk.PipelineComponents.RemoveXmlEmptyNodes\BizTalk.PipelineComponents.RemoveXmlEmptyNodes.csproj", "{A0C27973-C13D-4F95-BEE1-CC9B10958A81}"
EndProject
Project("{FAE04EC0-301F-11D3-BF4B-00C04F79EFBC}") = "BizTalk.PipelineComponents.LocalFolderArchiveDateStructure", "BizTalk.PipelineComponents.LocalFolderArchiveDateStructure\BizTalk.PipelineComponents.LocalFolderArchiveDateStructure.csproj", "{303A43EF-B6D8-450D-B84F-F775AE3D0CB0}"
EndProject
Global
	GlobalSection(SolutionConfigurationPlatforms) = preSolution
		Debug|Any CPU = Debug|Any CPU
		Debug|x86 = Debug|x86
		Release|Any CPU = Release|Any CPU
		Release|x86 = Release|x86
	EndGlobalSection
	GlobalSection(ProjectConfigurationPlatforms) = postSolution
		{7B0E5208-2F55-4143-A683-F61275CC1F14}.Debug|Any CPU.ActiveCfg = Debug|Any CPU
		{7B0E5208-2F55-4143-A683-F61275CC1F14}.Debug|Any CPU.Build.0 = Debug|Any CPU
		{7B0E5208-2F55-4143-A683-F61275CC1F14}.Debug|x86.ActiveCfg = Debug|Any CPU
		{7B0E5208-2F55-4143-A683-F61275CC1F14}.Debug|x86.Build.0 = Debug|Any CPU
		{7B0E5208-2F55-4143-A683-F61275CC1F14}.Release|Any CPU.ActiveCfg = Release|Any CPU
		{7B0E5208-2F55-4143-A683-F61275CC1F14}.Release|Any CPU.Build.0 = Release|Any CPU
		{7B0E5208-2F55-4143-A683-F61275CC1F14}.Release|x86.ActiveCfg = Release|Any CPU
		{7B0E5208-2F55-4143-A683-F61275CC1F14}.Release|x86.Build.0 = Release|Any CPU
		{6E9265A6-3B2B-4423-B444-AECB52EB12EB}.Debug|Any CPU.ActiveCfg = Debug|Any CPU
		{6E9265A6-3B2B-4423-B444-AECB52EB12EB}.Debug|Any CPU.Build.0 = Debug|Any CPU
		{6E9265A6-3B2B-4423-B444-AECB52EB12EB}.Debug|x86.ActiveCfg = Debug|Any CPU
		{6E9265A6-3B2B-4423-B444-AECB52EB12EB}.Debug|x86.Build.0 = Debug|Any CPU
		{6E9265A6-3B2B-4423-B444-AECB52EB12EB}.Release|Any CPU.ActiveCfg = Release|Any CPU
		{6E9265A6-3B2B-4423-B444-AECB52EB12EB}.Release|Any CPU.Build.0 = Release|Any CPU
		{6E9265A6-3B2B-4423-B444-AECB52EB12EB}.Release|x86.ActiveCfg = Release|Any CPU
		{6E9265A6-3B2B-4423-B444-AECB52EB12EB}.Release|x86.Build.0 = Release|Any CPU
		{113E1ECA-DE91-4E6C-9C9C-FECB942E29FA}.Debug|Any CPU.ActiveCfg = Debug|Any CPU
		{113E1ECA-DE91-4E6C-9C9C-FECB942E29FA}.Debug|Any CPU.Build.0 = Debug|Any CPU
		{113E1ECA-DE91-4E6C-9C9C-FECB942E29FA}.Debug|x86.ActiveCfg = Debug|Any CPU
		{113E1ECA-DE91-4E6C-9C9C-FECB942E29FA}.Debug|x86.Build.0 = Debug|Any CPU
		{113E1ECA-DE91-4E6C-9C9C-FECB942E29FA}.Release|Any CPU.ActiveCfg = Release|Any CPU
		{113E1ECA-DE91-4E6C-9C9C-FECB942E29FA}.Release|Any CPU.Build.0 = Release|Any CPU
		{113E1ECA-DE91-4E6C-9C9C-FECB942E29FA}.Release|x86.ActiveCfg = Release|Any CPU
		{113E1ECA-DE91-4E6C-9C9C-FECB942E29FA}.Release|x86.Build.0 = Release|Any CPU
		{6A936147-E8F6-4472-AEC6-0B8E9545484D}.Debug|Any CPU.ActiveCfg = Debug|Any CPU
		{6A936147-E8F6-4472-AEC6-0B8E9545484D}.Debug|Any CPU.Build.0 = Debug|Any CPU
		{6A936147-E8F6-4472-AEC6-0B8E9545484D}.Debug|x86.ActiveCfg = Debug|Any CPU
		{6A936147-E8F6-4472-AEC6-0B8E9545484D}.Debug|x86.Build.0 = Debug|Any CPU
		{6A936147-E8F6-4472-AEC6-0B8E9545484D}.Release|Any CPU.ActiveCfg = Release|Any CPU
		{6A936147-E8F6-4472-AEC6-0B8E9545484D}.Release|Any CPU.Build.0 = Release|Any CPU
		{6A936147-E8F6-4472-AEC6-0B8E9545484D}.Release|x86.ActiveCfg = Release|Any CPU
		{6A936147-E8F6-4472-AEC6-0B8E9545484D}.Release|x86.Build.0 = Release|Any CPU
		{221E70E2-D54A-4349-B968-84C4F4867EA6}.Debug|Any CPU.ActiveCfg = Debug|Any CPU
		{221E70E2-D54A-4349-B968-84C4F4867EA6}.Debug|Any CPU.Build.0 = Debug|Any CPU
		{221E70E2-D54A-4349-B968-84C4F4867EA6}.Debug|x86.ActiveCfg = Debug|Any CPU
		{221E70E2-D54A-4349-B968-84C4F4867EA6}.Debug|x86.Build.0 = Debug|Any CPU
		{221E70E2-D54A-4349-B968-84C4F4867EA6}.Release|Any CPU.ActiveCfg = Release|Any CPU
		{221E70E2-D54A-4349-B968-84C4F4867EA6}.Release|Any CPU.Build.0 = Release|Any CPU
		{221E70E2-D54A-4349-B968-84C4F4867EA6}.Release|x86.ActiveCfg = Release|Any CPU
		{221E70E2-D54A-4349-B968-84C4F4867EA6}.Release|x86.Build.0 = Release|Any CPU
		{DB257CF2-C67E-4D80-B1D4-2462F96DDA2A}.Debug|Any CPU.ActiveCfg = Debug|Any CPU
		{DB257CF2-C67E-4D80-B1D4-2462F96DDA2A}.Debug|Any CPU.Build.0 = Debug|Any CPU
		{DB257CF2-C67E-4D80-B1D4-2462F96DDA2A}.Debug|x86.ActiveCfg = Debug|Any CPU
		{DB257CF2-C67E-4D80-B1D4-2462F96DDA2A}.Debug|x86.Build.0 = Debug|Any CPU
		{DB257CF2-C67E-4D80-B1D4-2462F96DDA2A}.Release|Any CPU.ActiveCfg = Release|Any CPU
		{DB257CF2-C67E-4D80-B1D4-2462F96DDA2A}.Release|Any CPU.Build.0 = Release|Any CPU
		{DB257CF2-C67E-4D80-B1D4-2462F96DDA2A}.Release|x86.ActiveCfg = Release|Any CPU
		{DB257CF2-C67E-4D80-B1D4-2462F96DDA2A}.Release|x86.Build.0 = Release|Any CPU
		{4527BED9-9041-4334-BDAB-588B963F52D3}.Debug|Any CPU.ActiveCfg = Debug|Any CPU
		{4527BED9-9041-4334-BDAB-588B963F52D3}.Debug|Any CPU.Build.0 = Debug|Any CPU
		{4527BED9-9041-4334-BDAB-588B963F52D3}.Debug|x86.ActiveCfg = Debug|Any CPU
		{4527BED9-9041-4334-BDAB-588B963F52D3}.Debug|x86.Build.0 = Debug|Any CPU
		{4527BED9-9041-4334-BDAB-588B963F52D3}.Release|Any CPU.ActiveCfg = Release|Any CPU
		{4527BED9-9041-4334-BDAB-588B963F52D3}.Release|Any CPU.Build.0 = Release|Any CPU
		{4527BED9-9041-4334-BDAB-588B963F52D3}.Release|x86.ActiveCfg = Release|Any CPU
		{4527BED9-9041-4334-BDAB-588B963F52D3}.Release|x86.Build.0 = Release|Any CPU
		{7DB93D4C-DF46-4FDA-989B-37E5D41DFD48}.Debug|Any CPU.ActiveCfg = Debug|Any CPU
		{7DB93D4C-DF46-4FDA-989B-37E5D41DFD48}.Debug|Any CPU.Build.0 = Debug|Any CPU
		{7DB93D4C-DF46-4FDA-989B-37E5D41DFD48}.Debug|x86.ActiveCfg = Debug|Any CPU
		{7DB93D4C-DF46-4FDA-989B-37E5D41DFD48}.Debug|x86.Build.0 = Debug|Any CPU
		{7DB93D4C-DF46-4FDA-989B-37E5D41DFD48}.Release|Any CPU.ActiveCfg = Release|Any CPU
		{7DB93D4C-DF46-4FDA-989B-37E5D41DFD48}.Release|Any CPU.Build.0 = Release|Any CPU
		{7DB93D4C-DF46-4FDA-989B-37E5D41DFD48}.Release|x86.ActiveCfg = Release|Any CPU
		{7DB93D4C-DF46-4FDA-989B-37E5D41DFD48}.Release|x86.Build.0 = Release|Any CPU
		{BD2180B1-BE45-4BE8-9B4E-2B4BA7DA4725}.Debug|Any CPU.ActiveCfg = Debug|Any CPU
		{BD2180B1-BE45-4BE8-9B4E-2B4BA7DA4725}.Debug|Any CPU.Build.0 = Debug|Any CPU
		{BD2180B1-BE45-4BE8-9B4E-2B4BA7DA4725}.Debug|x86.ActiveCfg = Debug|Any CPU
		{BD2180B1-BE45-4BE8-9B4E-2B4BA7DA4725}.Debug|x86.Build.0 = Debug|Any CPU
		{BD2180B1-BE45-4BE8-9B4E-2B4BA7DA4725}.Release|Any CPU.ActiveCfg = Release|Any CPU
		{BD2180B1-BE45-4BE8-9B4E-2B4BA7DA4725}.Release|Any CPU.Build.0 = Release|Any CPU
		{BD2180B1-BE45-4BE8-9B4E-2B4BA7DA4725}.Release|x86.ActiveCfg = Release|Any CPU
		{BD2180B1-BE45-4BE8-9B4E-2B4BA7DA4725}.Release|x86.Build.0 = Release|Any CPU
		{F55BFA89-2932-4A00-A2E6-803E59029F19}.Debug|Any CPU.ActiveCfg = Debug|Any CPU
		{F55BFA89-2932-4A00-A2E6-803E59029F19}.Debug|Any CPU.Build.0 = Debug|Any CPU
		{F55BFA89-2932-4A00-A2E6-803E59029F19}.Debug|x86.ActiveCfg = Debug|Any CPU
		{F55BFA89-2932-4A00-A2E6-803E59029F19}.Debug|x86.Build.0 = Debug|Any CPU
		{F55BFA89-2932-4A00-A2E6-803E59029F19}.Release|Any CPU.ActiveCfg = Release|Any CPU
		{F55BFA89-2932-4A00-A2E6-803E59029F19}.Release|Any CPU.Build.0 = Release|Any CPU
		{F55BFA89-2932-4A00-A2E6-803E59029F19}.Release|x86.ActiveCfg = Release|Any CPU
		{F55BFA89-2932-4A00-A2E6-803E59029F19}.Release|x86.Build.0 = Release|Any CPU
		{E97796BA-589A-4BC2-A164-62FB2BE2616A}.Debug|Any CPU.ActiveCfg = Debug|Any CPU
		{E97796BA-589A-4BC2-A164-62FB2BE2616A}.Debug|Any CPU.Build.0 = Debug|Any CPU
		{E97796BA-589A-4BC2-A164-62FB2BE2616A}.Debug|x86.ActiveCfg = Debug|Any CPU
		{E97796BA-589A-4BC2-A164-62FB2BE2616A}.Debug|x86.Build.0 = Debug|Any CPU
		{E97796BA-589A-4BC2-A164-62FB2BE2616A}.Release|Any CPU.ActiveCfg = Release|Any CPU
		{E97796BA-589A-4BC2-A164-62FB2BE2616A}.Release|Any CPU.Build.0 = Release|Any CPU
		{E97796BA-589A-4BC2-A164-62FB2BE2616A}.Release|x86.ActiveCfg = Release|Any CPU
		{E97796BA-589A-4BC2-A164-62FB2BE2616A}.Release|x86.Build.0 = Release|Any CPU
		{85CD4255-7997-4AC5-B5EE-D335ED825396}.Debug|Any CPU.ActiveCfg = Debug|Any CPU
		{85CD4255-7997-4AC5-B5EE-D335ED825396}.Debug|Any CPU.Build.0 = Debug|Any CPU
		{85CD4255-7997-4AC5-B5EE-D335ED825396}.Debug|x86.ActiveCfg = Debug|Any CPU
		{85CD4255-7997-4AC5-B5EE-D335ED825396}.Debug|x86.Build.0 = Debug|Any CPU
		{85CD4255-7997-4AC5-B5EE-D335ED825396}.Release|Any CPU.ActiveCfg = Release|Any CPU
		{85CD4255-7997-4AC5-B5EE-D335ED825396}.Release|Any CPU.Build.0 = Release|Any CPU
		{85CD4255-7997-4AC5-B5EE-D335ED825396}.Release|x86.ActiveCfg = Release|Any CPU
		{85CD4255-7997-4AC5-B5EE-D335ED825396}.Release|x86.Build.0 = Release|Any CPU
		{37AF637C-2901-4F6B-AA36-3505A1F63C23}.Debug|Any CPU.ActiveCfg = Debug|Any CPU
		{37AF637C-2901-4F6B-AA36-3505A1F63C23}.Debug|Any CPU.Build.0 = Debug|Any CPU
		{37AF637C-2901-4F6B-AA36-3505A1F63C23}.Debug|x86.ActiveCfg = Debug|Any CPU
		{37AF637C-2901-4F6B-AA36-3505A1F63C23}.Debug|x86.Build.0 = Debug|Any CPU
		{37AF637C-2901-4F6B-AA36-3505A1F63C23}.Release|Any CPU.ActiveCfg = Release|Any CPU
		{37AF637C-2901-4F6B-AA36-3505A1F63C23}.Release|Any CPU.Build.0 = Release|Any CPU
		{37AF637C-2901-4F6B-AA36-3505A1F63C23}.Release|x86.ActiveCfg = Release|Any CPU
		{37AF637C-2901-4F6B-AA36-3505A1F63C23}.Release|x86.Build.0 = Release|Any CPU
		{F255F328-B1F7-4954-9427-EAB0D468DB50}.Debug|Any CPU.ActiveCfg = Debug|Any CPU
		{F255F328-B1F7-4954-9427-EAB0D468DB50}.Debug|Any CPU.Build.0 = Debug|Any CPU
		{F255F328-B1F7-4954-9427-EAB0D468DB50}.Debug|x86.ActiveCfg = Debug|Any CPU
		{F255F328-B1F7-4954-9427-EAB0D468DB50}.Debug|x86.Build.0 = Debug|Any CPU
		{F255F328-B1F7-4954-9427-EAB0D468DB50}.Release|Any CPU.ActiveCfg = Release|Any CPU
		{F255F328-B1F7-4954-9427-EAB0D468DB50}.Release|Any CPU.Build.0 = Release|Any CPU
		{F255F328-B1F7-4954-9427-EAB0D468DB50}.Release|x86.ActiveCfg = Release|Any CPU
		{F255F328-B1F7-4954-9427-EAB0D468DB50}.Release|x86.Build.0 = Release|Any CPU
		{D9E5307A-A0FC-4A55-AD41-0C94F5A705AA}.Debug|Any CPU.ActiveCfg = Debug|Any CPU
		{D9E5307A-A0FC-4A55-AD41-0C94F5A705AA}.Debug|Any CPU.Build.0 = Debug|Any CPU
		{D9E5307A-A0FC-4A55-AD41-0C94F5A705AA}.Debug|x86.ActiveCfg = Debug|Any CPU
		{D9E5307A-A0FC-4A55-AD41-0C94F5A705AA}.Debug|x86.Build.0 = Debug|Any CPU
		{D9E5307A-A0FC-4A55-AD41-0C94F5A705AA}.Release|Any CPU.ActiveCfg = Release|Any CPU
		{D9E5307A-A0FC-4A55-AD41-0C94F5A705AA}.Release|Any CPU.Build.0 = Release|Any CPU
		{D9E5307A-A0FC-4A55-AD41-0C94F5A705AA}.Release|x86.ActiveCfg = Release|Any CPU
		{D9E5307A-A0FC-4A55-AD41-0C94F5A705AA}.Release|x86.Build.0 = Release|Any CPU
		{1771B0EA-2E69-4EF3-A56B-D2BBCBF8EE1C}.Debug|Any CPU.ActiveCfg = Debug|Any CPU
		{1771B0EA-2E69-4EF3-A56B-D2BBCBF8EE1C}.Debug|Any CPU.Build.0 = Debug|Any CPU
		{1771B0EA-2E69-4EF3-A56B-D2BBCBF8EE1C}.Debug|x86.ActiveCfg = Debug|Any CPU
		{1771B0EA-2E69-4EF3-A56B-D2BBCBF8EE1C}.Debug|x86.Build.0 = Debug|Any CPU
		{1771B0EA-2E69-4EF3-A56B-D2BBCBF8EE1C}.Release|Any CPU.ActiveCfg = Release|Any CPU
		{1771B0EA-2E69-4EF3-A56B-D2BBCBF8EE1C}.Release|Any CPU.Build.0 = Release|Any CPU
		{1771B0EA-2E69-4EF3-A56B-D2BBCBF8EE1C}.Release|x86.ActiveCfg = Release|Any CPU
		{1771B0EA-2E69-4EF3-A56B-D2BBCBF8EE1C}.Release|x86.Build.0 = Release|Any CPU
		{4EDC6B8E-29E2-4ED5-B612-34524135A95A}.Debug|Any CPU.ActiveCfg = Debug|Any CPU
		{4EDC6B8E-29E2-4ED5-B612-34524135A95A}.Debug|Any CPU.Build.0 = Debug|Any CPU
		{4EDC6B8E-29E2-4ED5-B612-34524135A95A}.Debug|x86.ActiveCfg = Debug|Any CPU
		{4EDC6B8E-29E2-4ED5-B612-34524135A95A}.Debug|x86.Build.0 = Debug|Any CPU
		{4EDC6B8E-29E2-4ED5-B612-34524135A95A}.Release|Any CPU.ActiveCfg = Release|Any CPU
		{4EDC6B8E-29E2-4ED5-B612-34524135A95A}.Release|Any CPU.Build.0 = Release|Any CPU
		{4EDC6B8E-29E2-4ED5-B612-34524135A95A}.Release|x86.ActiveCfg = Release|Any CPU
		{4EDC6B8E-29E2-4ED5-B612-34524135A95A}.Release|x86.Build.0 = Release|Any CPU
		{98B1B428-1109-4351-B51C-4A4A898B3B7A}.Debug|Any CPU.ActiveCfg = Debug|x86
		{98B1B428-1109-4351-B51C-4A4A898B3B7A}.Debug|x86.ActiveCfg = Debug|x86
		{98B1B428-1109-4351-B51C-4A4A898B3B7A}.Debug|x86.Build.0 = Debug|x86
		{98B1B428-1109-4351-B51C-4A4A898B3B7A}.Release|Any CPU.ActiveCfg = Release|x86
		{98B1B428-1109-4351-B51C-4A4A898B3B7A}.Release|x86.ActiveCfg = Release|x86
		{98B1B428-1109-4351-B51C-4A4A898B3B7A}.Release|x86.Build.0 = Release|x86
		{DDB96FA0-ECEB-492E-9107-D9C7F0216748}.Debug|Any CPU.ActiveCfg = Debug|Any CPU
		{DDB96FA0-ECEB-492E-9107-D9C7F0216748}.Debug|Any CPU.Build.0 = Debug|Any CPU
		{DDB96FA0-ECEB-492E-9107-D9C7F0216748}.Debug|Any CPU.Deploy.0 = Debug|Any CPU
		{DDB96FA0-ECEB-492E-9107-D9C7F0216748}.Debug|x86.ActiveCfg = Debug|Any CPU
		{DDB96FA0-ECEB-492E-9107-D9C7F0216748}.Debug|x86.Build.0 = Debug|Any CPU
		{DDB96FA0-ECEB-492E-9107-D9C7F0216748}.Debug|x86.Deploy.0 = Debug|Any CPU
		{DDB96FA0-ECEB-492E-9107-D9C7F0216748}.Release|Any CPU.ActiveCfg = Release|Any CPU
		{DDB96FA0-ECEB-492E-9107-D9C7F0216748}.Release|Any CPU.Build.0 = Release|Any CPU
		{DDB96FA0-ECEB-492E-9107-D9C7F0216748}.Release|Any CPU.Deploy.0 = Release|Any CPU
		{DDB96FA0-ECEB-492E-9107-D9C7F0216748}.Release|x86.ActiveCfg = Release|Any CPU
		{DDB96FA0-ECEB-492E-9107-D9C7F0216748}.Release|x86.Build.0 = Release|Any CPU
		{DDB96FA0-ECEB-492E-9107-D9C7F0216748}.Release|x86.Deploy.0 = Release|Any CPU
		{DAA507D5-A04B-46FE-B046-B3E853DD65DF}.Debug|Any CPU.ActiveCfg = Debug|Any CPU
		{DAA507D5-A04B-46FE-B046-B3E853DD65DF}.Debug|Any CPU.Build.0 = Debug|Any CPU
		{DAA507D5-A04B-46FE-B046-B3E853DD65DF}.Debug|x86.ActiveCfg = Debug|Any CPU
		{DAA507D5-A04B-46FE-B046-B3E853DD65DF}.Debug|x86.Build.0 = Debug|Any CPU
		{DAA507D5-A04B-46FE-B046-B3E853DD65DF}.Release|Any CPU.ActiveCfg = Release|Any CPU
		{DAA507D5-A04B-46FE-B046-B3E853DD65DF}.Release|Any CPU.Build.0 = Release|Any CPU
		{DAA507D5-A04B-46FE-B046-B3E853DD65DF}.Release|x86.ActiveCfg = Release|Any CPU
		{DAA507D5-A04B-46FE-B046-B3E853DD65DF}.Release|x86.Build.0 = Release|Any CPU
		{7F32E87F-1A29-4DDB-970F-D2E8CD990126}.Debug|Any CPU.ActiveCfg = Debug|Any CPU
		{7F32E87F-1A29-4DDB-970F-D2E8CD990126}.Debug|Any CPU.Build.0 = Debug|Any CPU
		{7F32E87F-1A29-4DDB-970F-D2E8CD990126}.Debug|Any CPU.Deploy.0 = Debug|Any CPU
		{7F32E87F-1A29-4DDB-970F-D2E8CD990126}.Debug|x86.ActiveCfg = Debug|Any CPU
		{7F32E87F-1A29-4DDB-970F-D2E8CD990126}.Debug|x86.Build.0 = Debug|Any CPU
		{7F32E87F-1A29-4DDB-970F-D2E8CD990126}.Debug|x86.Deploy.0 = Debug|Any CPU
		{7F32E87F-1A29-4DDB-970F-D2E8CD990126}.Release|Any CPU.ActiveCfg = Release|Any CPU
		{7F32E87F-1A29-4DDB-970F-D2E8CD990126}.Release|Any CPU.Build.0 = Release|Any CPU
		{7F32E87F-1A29-4DDB-970F-D2E8CD990126}.Release|Any CPU.Deploy.0 = Release|Any CPU
		{7F32E87F-1A29-4DDB-970F-D2E8CD990126}.Release|x86.ActiveCfg = Release|Any CPU
		{7F32E87F-1A29-4DDB-970F-D2E8CD990126}.Release|x86.Build.0 = Release|Any CPU
		{7F32E87F-1A29-4DDB-970F-D2E8CD990126}.Release|x86.Deploy.0 = Release|Any CPU
		{06DEE1A4-66B9-463C-B6B4-C2BBD2A08931}.Debug|Any CPU.ActiveCfg = Debug|Any CPU
		{06DEE1A4-66B9-463C-B6B4-C2BBD2A08931}.Debug|Any CPU.Build.0 = Debug|Any CPU
		{06DEE1A4-66B9-463C-B6B4-C2BBD2A08931}.Debug|x86.ActiveCfg = Debug|Any CPU
		{06DEE1A4-66B9-463C-B6B4-C2BBD2A08931}.Debug|x86.Build.0 = Debug|Any CPU
		{06DEE1A4-66B9-463C-B6B4-C2BBD2A08931}.Release|Any CPU.ActiveCfg = Release|Any CPU
		{06DEE1A4-66B9-463C-B6B4-C2BBD2A08931}.Release|Any CPU.Build.0 = Release|Any CPU
		{06DEE1A4-66B9-463C-B6B4-C2BBD2A08931}.Release|x86.ActiveCfg = Release|Any CPU
		{06DEE1A4-66B9-463C-B6B4-C2BBD2A08931}.Release|x86.Build.0 = Release|Any CPU
		{932832A9-D36E-4C86-B34E-E8C748BD7054}.Debug|Any CPU.ActiveCfg = Debug|Any CPU
		{932832A9-D36E-4C86-B34E-E8C748BD7054}.Debug|Any CPU.Build.0 = Debug|Any CPU
		{932832A9-D36E-4C86-B34E-E8C748BD7054}.Debug|x86.ActiveCfg = Debug|Any CPU
		{932832A9-D36E-4C86-B34E-E8C748BD7054}.Debug|x86.Build.0 = Debug|Any CPU
		{932832A9-D36E-4C86-B34E-E8C748BD7054}.Release|Any CPU.ActiveCfg = Release|Any CPU
		{932832A9-D36E-4C86-B34E-E8C748BD7054}.Release|Any CPU.Build.0 = Release|Any CPU
		{932832A9-D36E-4C86-B34E-E8C748BD7054}.Release|x86.ActiveCfg = Release|Any CPU
		{932832A9-D36E-4C86-B34E-E8C748BD7054}.Release|x86.Build.0 = Release|Any CPU
		{AA96DEE0-C734-4D53-B055-A71EA43EC5B2}.Debug|Any CPU.ActiveCfg = Debug|Any CPU
		{AA96DEE0-C734-4D53-B055-A71EA43EC5B2}.Debug|Any CPU.Build.0 = Debug|Any CPU
		{AA96DEE0-C734-4D53-B055-A71EA43EC5B2}.Debug|x86.ActiveCfg = Debug|Any CPU
		{AA96DEE0-C734-4D53-B055-A71EA43EC5B2}.Debug|x86.Build.0 = Debug|Any CPU
		{AA96DEE0-C734-4D53-B055-A71EA43EC5B2}.Release|Any CPU.ActiveCfg = Release|Any CPU
		{AA96DEE0-C734-4D53-B055-A71EA43EC5B2}.Release|Any CPU.Build.0 = Release|Any CPU
		{AA96DEE0-C734-4D53-B055-A71EA43EC5B2}.Release|x86.ActiveCfg = Release|Any CPU
		{AA96DEE0-C734-4D53-B055-A71EA43EC5B2}.Release|x86.Build.0 = Release|Any CPU
		{4621EF46-BF71-454B-95EE-407CDF163E99}.Debug|Any CPU.ActiveCfg = Debug|Any CPU
		{4621EF46-BF71-454B-95EE-407CDF163E99}.Debug|Any CPU.Build.0 = Debug|Any CPU
		{4621EF46-BF71-454B-95EE-407CDF163E99}.Debug|x86.ActiveCfg = Debug|Any CPU
		{4621EF46-BF71-454B-95EE-407CDF163E99}.Debug|x86.Build.0 = Debug|Any CPU
		{4621EF46-BF71-454B-95EE-407CDF163E99}.Release|Any CPU.ActiveCfg = Release|Any CPU
		{4621EF46-BF71-454B-95EE-407CDF163E99}.Release|Any CPU.Build.0 = Release|Any CPU
		{4621EF46-BF71-454B-95EE-407CDF163E99}.Release|x86.ActiveCfg = Release|Any CPU
		{4621EF46-BF71-454B-95EE-407CDF163E99}.Release|x86.Build.0 = Release|Any CPU
		{32391948-DC58-4823-A891-65772AB6B824}.Debug|Any CPU.ActiveCfg = Debug|Any CPU
		{32391948-DC58-4823-A891-65772AB6B824}.Debug|Any CPU.Build.0 = Debug|Any CPU
		{32391948-DC58-4823-A891-65772AB6B824}.Debug|x86.ActiveCfg = Debug|Any CPU
		{32391948-DC58-4823-A891-65772AB6B824}.Debug|x86.Build.0 = Debug|Any CPU
		{32391948-DC58-4823-A891-65772AB6B824}.Release|Any CPU.ActiveCfg = Release|Any CPU
		{32391948-DC58-4823-A891-65772AB6B824}.Release|Any CPU.Build.0 = Release|Any CPU
		{32391948-DC58-4823-A891-65772AB6B824}.Release|x86.ActiveCfg = Release|Any CPU
		{32391948-DC58-4823-A891-65772AB6B824}.Release|x86.Build.0 = Release|Any CPU
		{3C1A6023-1053-41E4-96C4-424C81E9F6A8}.Debug|Any CPU.ActiveCfg = Debug|Any CPU
		{3C1A6023-1053-41E4-96C4-424C81E9F6A8}.Debug|Any CPU.Build.0 = Debug|Any CPU
		{3C1A6023-1053-41E4-96C4-424C81E9F6A8}.Debug|x86.ActiveCfg = Debug|Any CPU
		{3C1A6023-1053-41E4-96C4-424C81E9F6A8}.Debug|x86.Build.0 = Debug|Any CPU
		{3C1A6023-1053-41E4-96C4-424C81E9F6A8}.Release|Any CPU.ActiveCfg = Release|Any CPU
		{3C1A6023-1053-41E4-96C4-424C81E9F6A8}.Release|Any CPU.Build.0 = Release|Any CPU
		{3C1A6023-1053-41E4-96C4-424C81E9F6A8}.Release|x86.ActiveCfg = Release|Any CPU
		{3C1A6023-1053-41E4-96C4-424C81E9F6A8}.Release|x86.Build.0 = Release|Any CPU
		{A0C27973-C13D-4F95-BEE1-CC9B10958A81}.Debug|Any CPU.ActiveCfg = Debug|Any CPU
		{A0C27973-C13D-4F95-BEE1-CC9B10958A81}.Debug|Any CPU.Build.0 = Debug|Any CPU
		{A0C27973-C13D-4F95-BEE1-CC9B10958A81}.Debug|x86.ActiveCfg = Debug|Any CPU
		{A0C27973-C13D-4F95-BEE1-CC9B10958A81}.Debug|x86.Build.0 = Debug|Any CPU
		{A0C27973-C13D-4F95-BEE1-CC9B10958A81}.Release|Any CPU.ActiveCfg = Release|Any CPU
		{A0C27973-C13D-4F95-BEE1-CC9B10958A81}.Release|Any CPU.Build.0 = Release|Any CPU
		{A0C27973-C13D-4F95-BEE1-CC9B10958A81}.Release|x86.ActiveCfg = Release|Any CPU
		{A0C27973-C13D-4F95-BEE1-CC9B10958A81}.Release|x86.Build.0 = Release|Any CPU
		{303A43EF-B6D8-450D-B84F-F775AE3D0CB0}.Debug|Any CPU.ActiveCfg = Debug|Any CPU
		{303A43EF-B6D8-450D-B84F-F775AE3D0CB0}.Debug|Any CPU.Build.0 = Debug|Any CPU
		{303A43EF-B6D8-450D-B84F-F775AE3D0CB0}.Debug|x86.ActiveCfg = Debug|Any CPU
		{303A43EF-B6D8-450D-B84F-F775AE3D0CB0}.Debug|x86.Build.0 = Debug|Any CPU
		{303A43EF-B6D8-450D-B84F-F775AE3D0CB0}.Release|Any CPU.ActiveCfg = Release|Any CPU
		{303A43EF-B6D8-450D-B84F-F775AE3D0CB0}.Release|Any CPU.Build.0 = Release|Any CPU
		{303A43EF-B6D8-450D-B84F-F775AE3D0CB0}.Release|x86.ActiveCfg = Release|Any CPU
		{303A43EF-B6D8-450D-B84F-F775AE3D0CB0}.Release|x86.Build.0 = Release|Any CPU
	EndGlobalSection
	GlobalSection(SolutionProperties) = preSolution
		HideSolutionNode = FALSE
	EndGlobalSection
	GlobalSection(NestedProjects) = preSolution
		{BD2180B1-BE45-4BE8-9B4E-2B4BA7DA4725} = {DB777AA5-93FB-43A1-828A-E2819A6C45EB}
		{895ABC92-DEED-4440-9C3E-92DD4613DDC3} = {DB777AA5-93FB-43A1-828A-E2819A6C45EB}
		{E50C68F3-17F2-4A93-99EC-452DF25A4E01} = {895ABC92-DEED-4440-9C3E-92DD4613DDC3}
		{70607FAE-E08D-4537-AB36-732A6CC3148F} = {895ABC92-DEED-4440-9C3E-92DD4613DDC3}
		{1771B0EA-2E69-4EF3-A56B-D2BBCBF8EE1C} = {895ABC92-DEED-4440-9C3E-92DD4613DDC3}
		{4EDC6B8E-29E2-4ED5-B612-34524135A95A} = {895ABC92-DEED-4440-9C3E-92DD4613DDC3}
		{DDB96FA0-ECEB-492E-9107-D9C7F0216748} = {CB5A0F97-901A-4BEC-9A45-56C4A21226C6}
		{DAA507D5-A04B-46FE-B046-B3E853DD65DF} = {CB5A0F97-901A-4BEC-9A45-56C4A21226C6}
		{7F32E87F-1A29-4DDB-970F-D2E8CD990126} = {CE2DD544-75B2-40D0-9886-934388DE2E2B}
		{06DEE1A4-66B9-463C-B6B4-C2BBD2A08931} = {CE2DD544-75B2-40D0-9886-934388DE2E2B}
		{932832A9-D36E-4C86-B34E-E8C748BD7054} = {DB777AA5-93FB-43A1-828A-E2819A6C45EB}
		{AA96DEE0-C734-4D53-B055-A71EA43EC5B2} = {DB777AA5-93FB-43A1-828A-E2819A6C45EB}
		{4621EF46-BF71-454B-95EE-407CDF163E99} = {DB777AA5-93FB-43A1-828A-E2819A6C45EB}
		{303A43EF-B6D8-450D-B84F-F775AE3D0CB0} = {DB777AA5-93FB-43A1-828A-E2819A6C45EB}
	EndGlobalSection
	GlobalSection(ExtensibilityGlobals) = postSolution
		SolutionGuid = {014AD835-9E7F-495F-A579-7F5A6B4EB817}
	EndGlobalSection
EndGlobal
