
Microsoft Visual Studio Solution File, Format Version 12.00
# Visual Studio Version 16
VisualStudioVersion = 16.0.30717.126
MinimumVisualStudioVersion = 10.0.40219.1
Project("{FAE04EC0-301F-11D3-BF4B-00C04F79EFBC}") = "BizTalk.PipelineComponents.PDFDecoder", "BizTalk.PipelineComponents.PDFDecoder\BizTalk.PipelineComponents.PDFDecoder.csproj", "{DAA507D5-A04B-46FE-B046-B3E853DD65DF}"
EndProject
Project("{FAE04EC0-301F-11D3-BF4B-00C04F79EFBC}") = "internal.dvs.components.pdf", "internal.dvs.components.pdf\internal.dvs.components.pdf.btproj", "{DDB96FA0-ECEB-492E-9107-D9C7F0216748}"
EndProject
Global
	GlobalSection(SolutionConfigurationPlatforms) = preSolution
		Debug|Any CPU = Debug|Any CPU
		Release|Any CPU = Release|Any CPU
	EndGlobalSection
	GlobalSection(ProjectConfigurationPlatforms) = postSolution
		{DAA507D5-A04B-46FE-B046-B3E853DD65DF}.Debug|Any CPU.ActiveCfg = Debug|Any CPU
		{DAA507D5-A04B-46FE-B046-B3E853DD65DF}.Debug|Any CPU.Build.0 = Debug|Any CPU
		{DAA507D5-A04B-46FE-B046-B3E853DD65DF}.Release|Any CPU.ActiveCfg = Release|Any CPU
		{DAA507D5-A04B-46FE-B046-B3E853DD65DF}.Release|Any CPU.Build.0 = Release|Any CPU
		{DDB96FA0-ECEB-492E-9107-D9C7F0216748}.Debug|Any CPU.ActiveCfg = Debug|Any CPU
		{DDB96FA0-ECEB-492E-9107-D9C7F0216748}.Debug|Any CPU.Build.0 = Debug|Any CPU
		{DDB96FA0-ECEB-492E-9107-D9C7F0216748}.Debug|Any CPU.Deploy.0 = Debug|Any CPU
		{DDB96FA0-ECEB-492E-9107-D9C7F0216748}.Release|Any CPU.ActiveCfg = Release|Any CPU
		{DDB96FA0-ECEB-492E-9107-D9C7F0216748}.Release|Any CPU.Build.0 = Release|Any CPU
		{DDB96FA0-ECEB-492E-9107-D9C7F0216748}.Release|Any CPU.Deploy.0 = Release|Any CPU
	EndGlobalSection
	GlobalSection(SolutionProperties) = preSolution
		HideSolutionNode = FALSE
	EndGlobalSection
	GlobalSection(ExtensibilityGlobals) = postSolution
		SolutionGuid = {4FB0F526-9AFE-45D8-965F-7AAA434027B5}
	EndGlobalSection
EndGlobal
